
Microsoft Visual Studio Solution File, Format Version 12.00
# Visual Studio Version 17
VisualStudioVersion = 17.13.35806.99 d17.13
MinimumVisualStudioVersion = 10.0.40219.1
Project("{2150E333-8FDC-42A3-9474-1A3956D46DE8}") = "src", "src", "{02EA681E-C7D8-13C7-8484-4AC65E1B71E8}"
EndProject
Project("{FAE04EC0-301F-11D3-BF4B-00C04F79EFBC}") = "Ecom.Core", "Ecom.Core\Ecom.Core.csproj", "{780E7AD9-F22B-4708-A2EA-1FC80F23642F}"
EndProject
Project("{FAE04EC0-301F-11D3-BF4B-00C04F79EFBC}") = "Ecom.Infrastructure", "Ecom.Infrastructure\Ecom.Infrastructure.csproj", "{92E0115F-EC85-4D9E-96A6-CAFEAE759836}"
EndProject
Project("{FAE04EC0-301F-11D3-BF4B-00C04F79EFBC}") = "Ecom.API", "Ecom.API\Ecom.API.csproj", "{9D75159C-5083-4D42-9824-6D601E7DB5C2}"
EndProject
Global
	GlobalSection(SolutionConfigurationPlatforms) = preSolution
		Debug|Any CPU = Debug|Any CPU
		Release|Any CPU = Release|Any CPU
	EndGlobalSection
	GlobalSection(ProjectConfigurationPlatforms) = postSolution
		{780E7AD9-F22B-4708-A2EA-1FC80F23642F}.Debug|Any CPU.ActiveCfg = Debug|Any CPU
		{780E7AD9-F22B-4708-A2EA-1FC80F23642F}.Debug|Any CPU.Build.0 = Debug|Any CPU
		{780E7AD9-F22B-4708-A2EA-1FC80F23642F}.Release|Any CPU.ActiveCfg = Release|Any CPU
		{780E7AD9-F22B-4708-A2EA-1FC80F23642F}.Release|Any CPU.Build.0 = Release|Any CPU
		{92E0115F-EC85-4D9E-96A6-CAFEAE759836}.Debug|Any CPU.ActiveCfg = Debug|Any CPU
		{92E0115F-EC85-4D9E-96A6-CAFEAE759836}.Debug|Any CPU.Build.0 = Debug|Any CPU
		{92E0115F-EC85-4D9E-96A6-CAFEAE759836}.Release|Any CPU.ActiveCfg = Release|Any CPU
		{92E0115F-EC85-4D9E-96A6-CAFEAE759836}.Release|Any CPU.Build.0 = Release|Any CPU
		{9D75159C-5083-4D42-9824-6D601E7DB5C2}.Debug|Any CPU.ActiveCfg = Debug|Any CPU
		{9D75159C-5083-4D42-9824-6D601E7DB5C2}.Debug|Any CPU.Build.0 = Debug|Any CPU
		{9D75159C-5083-4D42-9824-6D601E7DB5C2}.Release|Any CPU.ActiveCfg = Release|Any CPU
		{9D75159C-5083-4D42-9824-6D601E7DB5C2}.Release|Any CPU.Build.0 = Release|Any CPU
	EndGlobalSection
	GlobalSection(SolutionProperties) = preSolution
		HideSolutionNode = FALSE
	EndGlobalSection
	GlobalSection(NestedProjects) = preSolution
		{780E7AD9-F22B-4708-A2EA-1FC80F23642F} = {02EA681E-C7D8-13C7-8484-4AC65E1B71E8}
		{92E0115F-EC85-4D9E-96A6-CAFEAE759836} = {02EA681E-C7D8-13C7-8484-4AC65E1B71E8}
		{9D75159C-5083-4D42-9824-6D601E7DB5C2} = {02EA681E-C7D8-13C7-8484-4AC65E1B71E8}
	EndGlobalSection
	GlobalSection(ExtensibilityGlobals) = postSolution
		SolutionGuid = {E0477CCD-20A6-483C-BFC1-39E73916F6C7}
	EndGlobalSection
EndGlobal
